
Microsoft Visual Studio Solution File, Format Version 12.00
# Visual Studio 15
VisualStudioVersion = 15.0.28010.2003
MinimumVisualStudioVersion = 10.0.40219.1
Project("{FAE04EC0-301F-11D3-BF4B-00C04F79EFBC}") = "TestingsNameSpaces", "TestingsNameSpaces\TestingsNameSpaces.csproj", "{434C4BEF-7B4D-4ACC-B55C-980158339B48}"
EndProject
Project("{FAE04EC0-301F-11D3-BF4B-00C04F79EFBC}") = "Test Interfaz, Generics", "Test Interfaz, Generics\Test Interfaz, Generics.csproj", "{3A13CB17-A607-49CC-A9C4-D3EA44847747}"
EndProject
Project("{FAE04EC0-301F-11D3-BF4B-00C04F79EFBC}") = "Parcialongo", "Parcialongo\Parcialongo.csproj", "{A31419FE-8DAC-400E-9C98-A5333FC6F6E6}"
EndProject
Global
	GlobalSection(SolutionConfigurationPlatforms) = preSolution
		Debug|Any CPU = Debug|Any CPU
		Release|Any CPU = Release|Any CPU
	EndGlobalSection
	GlobalSection(ProjectConfigurationPlatforms) = postSolution
		{434C4BEF-7B4D-4ACC-B55C-980158339B48}.Debug|Any CPU.ActiveCfg = Debug|Any CPU
		{434C4BEF-7B4D-4ACC-B55C-980158339B48}.Debug|Any CPU.Build.0 = Debug|Any CPU
		{434C4BEF-7B4D-4ACC-B55C-980158339B48}.Release|Any CPU.ActiveCfg = Release|Any CPU
		{434C4BEF-7B4D-4ACC-B55C-980158339B48}.Release|Any CPU.Build.0 = Release|Any CPU
		{3A13CB17-A607-49CC-A9C4-D3EA44847747}.Debug|Any CPU.ActiveCfg = Debug|Any CPU
		{3A13CB17-A607-49CC-A9C4-D3EA44847747}.Debug|Any CPU.Build.0 = Debug|Any CPU
		{3A13CB17-A607-49CC-A9C4-D3EA44847747}.Release|Any CPU.ActiveCfg = Release|Any CPU
		{3A13CB17-A607-49CC-A9C4-D3EA44847747}.Release|Any CPU.Build.0 = Release|Any CPU
		{A31419FE-8DAC-400E-9C98-A5333FC6F6E6}.Debug|Any CPU.ActiveCfg = Debug|Any CPU
		{A31419FE-8DAC-400E-9C98-A5333FC6F6E6}.Debug|Any CPU.Build.0 = Debug|Any CPU
		{A31419FE-8DAC-400E-9C98-A5333FC6F6E6}.Release|Any CPU.ActiveCfg = Release|Any CPU
		{A31419FE-8DAC-400E-9C98-A5333FC6F6E6}.Release|Any CPU.Build.0 = Release|Any CPU
	EndGlobalSection
	GlobalSection(SolutionProperties) = preSolution
		HideSolutionNode = FALSE
	EndGlobalSection
	GlobalSection(ExtensibilityGlobals) = postSolution
		SolutionGuid = {2E4A4AAC-57C1-4648-9F8D-C6A00A0C12D5}
	EndGlobalSection
EndGlobal
