
Microsoft Visual Studio Solution File, Format Version 12.00
# Visual Studio 15
VisualStudioVersion = 15.0.26730.8
MinimumVisualStudioVersion = 10.0.40219.1
Project("{FAE04EC0-301F-11D3-BF4B-00C04F79EFBC}") = "Ejercicio 2", "Ejercicio 2\Ejercicio 2.csproj", "{1C818BBF-9D2C-4A7C-937A-91D1F42B0CCC}"
EndProject
Project("{FAE04EC0-301F-11D3-BF4B-00C04F79EFBC}") = "Ejercicio 3", "Ejercicio 3\Ejercicio 3.csproj", "{49360302-909E-468D-888A-F9DC6A090EDF}"
EndProject
Project("{FAE04EC0-301F-11D3-BF4B-00C04F79EFBC}") = "Ejercicio 1", "Ejercicio 1\Ejercicio 1.csproj", "{AE1708F3-8F62-4930-A69E-1EF090F9DCBE}"
EndProject
Project("{FAE04EC0-301F-11D3-BF4B-00C04F79EFBC}") = "Ejercicio 4", "Ejercicio 4\Ejercicio 4.csproj", "{D0AA44E4-5428-425E-A42B-621A69A469D9}"
EndProject
Project("{FAE04EC0-301F-11D3-BF4B-00C04F79EFBC}") = "Ejercicio 5", "Ejercicio 5\Ejercicio 5.csproj", "{CCABBDD1-F9C5-49E0-B706-F5CD4494EAB7}"
EndProject
Project("{FAE04EC0-301F-11D3-BF4B-00C04F79EFBC}") = "Ejercicio 6", "Ejercicio 6\Ejercicio 6.csproj", "{513D5E71-1DF2-4AB6-A1AF-6A0E27151899}"
EndProject
Project("{FAE04EC0-301F-11D3-BF4B-00C04F79EFBC}") = "Ejercicio 7", "Ejercicio 7\Ejercicio 7.csproj", "{C67567CB-C55C-47D0-AB77-CF1771C38FAC}"
EndProject
Project("{FAE04EC0-301F-11D3-BF4B-00C04F79EFBC}") = "Ejercicio 8", "Ejercicio 8\Ejercicio 8.csproj", "{A166ED75-D628-4981-B7F4-E7BBE502114E}"
EndProject
Project("{FAE04EC0-301F-11D3-BF4B-00C04F79EFBC}") = "Ejercicio 9", "Ejercicio 9\Ejercicio 9.csproj", "{E9B9694B-A56F-45B7-9E96-9CFE322DFEE3}"
EndProject
Project("{FAE04EC0-301F-11D3-BF4B-00C04F79EFBC}") = "Ejercicio 10", "Ejercicio 10\Ejercicio 10.csproj", "{8BACC8C3-014D-406E-9C54-3C781FB88FCA}"
EndProject
Global
	GlobalSection(SolutionConfigurationPlatforms) = preSolution
		Debug|Any CPU = Debug|Any CPU
		Release|Any CPU = Release|Any CPU
	EndGlobalSection
	GlobalSection(ProjectConfigurationPlatforms) = postSolution
		{1C818BBF-9D2C-4A7C-937A-91D1F42B0CCC}.Debug|Any CPU.ActiveCfg = Debug|Any CPU
		{1C818BBF-9D2C-4A7C-937A-91D1F42B0CCC}.Debug|Any CPU.Build.0 = Debug|Any CPU
		{1C818BBF-9D2C-4A7C-937A-91D1F42B0CCC}.Release|Any CPU.ActiveCfg = Release|Any CPU
		{1C818BBF-9D2C-4A7C-937A-91D1F42B0CCC}.Release|Any CPU.Build.0 = Release|Any CPU
		{49360302-909E-468D-888A-F9DC6A090EDF}.Debug|Any CPU.ActiveCfg = Debug|Any CPU
		{49360302-909E-468D-888A-F9DC6A090EDF}.Debug|Any CPU.Build.0 = Debug|Any CPU
		{49360302-909E-468D-888A-F9DC6A090EDF}.Release|Any CPU.ActiveCfg = Release|Any CPU
		{49360302-909E-468D-888A-F9DC6A090EDF}.Release|Any CPU.Build.0 = Release|Any CPU
		{AE1708F3-8F62-4930-A69E-1EF090F9DCBE}.Debug|Any CPU.ActiveCfg = Debug|Any CPU
		{AE1708F3-8F62-4930-A69E-1EF090F9DCBE}.Debug|Any CPU.Build.0 = Debug|Any CPU
		{AE1708F3-8F62-4930-A69E-1EF090F9DCBE}.Release|Any CPU.ActiveCfg = Release|Any CPU
		{AE1708F3-8F62-4930-A69E-1EF090F9DCBE}.Release|Any CPU.Build.0 = Release|Any CPU
		{D0AA44E4-5428-425E-A42B-621A69A469D9}.Debug|Any CPU.ActiveCfg = Debug|Any CPU
		{D0AA44E4-5428-425E-A42B-621A69A469D9}.Debug|Any CPU.Build.0 = Debug|Any CPU
		{D0AA44E4-5428-425E-A42B-621A69A469D9}.Release|Any CPU.ActiveCfg = Release|Any CPU
		{D0AA44E4-5428-425E-A42B-621A69A469D9}.Release|Any CPU.Build.0 = Release|Any CPU
		{CCABBDD1-F9C5-49E0-B706-F5CD4494EAB7}.Debug|Any CPU.ActiveCfg = Debug|Any CPU
		{CCABBDD1-F9C5-49E0-B706-F5CD4494EAB7}.Debug|Any CPU.Build.0 = Debug|Any CPU
		{CCABBDD1-F9C5-49E0-B706-F5CD4494EAB7}.Release|Any CPU.ActiveCfg = Release|Any CPU
		{CCABBDD1-F9C5-49E0-B706-F5CD4494EAB7}.Release|Any CPU.Build.0 = Release|Any CPU
		{513D5E71-1DF2-4AB6-A1AF-6A0E27151899}.Debug|Any CPU.ActiveCfg = Debug|Any CPU
		{513D5E71-1DF2-4AB6-A1AF-6A0E27151899}.Debug|Any CPU.Build.0 = Debug|Any CPU
		{513D5E71-1DF2-4AB6-A1AF-6A0E27151899}.Release|Any CPU.ActiveCfg = Release|Any CPU
		{513D5E71-1DF2-4AB6-A1AF-6A0E27151899}.Release|Any CPU.Build.0 = Release|Any CPU
		{C67567CB-C55C-47D0-AB77-CF1771C38FAC}.Debug|Any CPU.ActiveCfg = Debug|Any CPU
		{C67567CB-C55C-47D0-AB77-CF1771C38FAC}.Debug|Any CPU.Build.0 = Debug|Any CPU
		{C67567CB-C55C-47D0-AB77-CF1771C38FAC}.Release|Any CPU.ActiveCfg = Release|Any CPU
		{C67567CB-C55C-47D0-AB77-CF1771C38FAC}.Release|Any CPU.Build.0 = Release|Any CPU
		{A166ED75-D628-4981-B7F4-E7BBE502114E}.Debug|Any CPU.ActiveCfg = Debug|Any CPU
		{A166ED75-D628-4981-B7F4-E7BBE502114E}.Debug|Any CPU.Build.0 = Debug|Any CPU
		{A166ED75-D628-4981-B7F4-E7BBE502114E}.Release|Any CPU.ActiveCfg = Release|Any CPU
		{A166ED75-D628-4981-B7F4-E7BBE502114E}.Release|Any CPU.Build.0 = Release|Any CPU
		{E9B9694B-A56F-45B7-9E96-9CFE322DFEE3}.Debug|Any CPU.ActiveCfg = Debug|Any CPU
		{E9B9694B-A56F-45B7-9E96-9CFE322DFEE3}.Debug|Any CPU.Build.0 = Debug|Any CPU
		{E9B9694B-A56F-45B7-9E96-9CFE322DFEE3}.Release|Any CPU.ActiveCfg = Release|Any CPU
		{E9B9694B-A56F-45B7-9E96-9CFE322DFEE3}.Release|Any CPU.Build.0 = Release|Any CPU
		{8BACC8C3-014D-406E-9C54-3C781FB88FCA}.Debug|Any CPU.ActiveCfg = Debug|Any CPU
		{8BACC8C3-014D-406E-9C54-3C781FB88FCA}.Debug|Any CPU.Build.0 = Debug|Any CPU
		{8BACC8C3-014D-406E-9C54-3C781FB88FCA}.Release|Any CPU.ActiveCfg = Release|Any CPU
		{8BACC8C3-014D-406E-9C54-3C781FB88FCA}.Release|Any CPU.Build.0 = Release|Any CPU
	EndGlobalSection
	GlobalSection(SolutionProperties) = preSolution
		HideSolutionNode = FALSE
	EndGlobalSection
	GlobalSection(ExtensibilityGlobals) = postSolution
		SolutionGuid = {46E08656-3F9B-4682-88FC-D4390A71AC01}
	EndGlobalSection
EndGlobal
