
Microsoft Visual Studio Solution File, Format Version 12.00
# Visual Studio 15
VisualStudioVersion = 15.0.27703.2047
MinimumVisualStudioVersion = 10.0.40219.1
Project("{FAE04EC0-301F-11D3-BF4B-00C04F79EFBC}") = "Ejercicio00", "Ejercicio00\Ejercicio00.csproj", "{030F62B8-F30E-4AC4-8147-95790D073BB8}"
EndProject
Project("{FAE04EC0-301F-11D3-BF4B-00C04F79EFBC}") = "Ejercicio02", "..\Clase02\Ejercicio01\ConsoleApp1\Ejercicio02.csproj", "{A358909D-1335-4B0E-A80D-65ECAF8DEEF4}"
EndProject
Project("{FAE04EC0-301F-11D3-BF4B-00C04F79EFBC}") = "Ejercicio01", "..\Clase02\Ejercicio02\Ejercicio01.csproj", "{5C643EB8-0724-4088-BDB5-918E41F032C2}"
EndProject
Project("{FAE04EC0-301F-11D3-BF4B-00C04F79EFBC}") = "EjercicioClase02", "..\Clase02\EjercicioClase02\EjercicioClase02.csproj", "{BF74FA9F-2D97-499A-BE94-1C153AFD913A}"
EndProject
Global
	GlobalSection(SolutionConfigurationPlatforms) = preSolution
		Debug|Any CPU = Debug|Any CPU
		Release|Any CPU = Release|Any CPU
	EndGlobalSection
	GlobalSection(ProjectConfigurationPlatforms) = postSolution
		{030F62B8-F30E-4AC4-8147-95790D073BB8}.Debug|Any CPU.ActiveCfg = Debug|Any CPU
		{030F62B8-F30E-4AC4-8147-95790D073BB8}.Debug|Any CPU.Build.0 = Debug|Any CPU
		{030F62B8-F30E-4AC4-8147-95790D073BB8}.Release|Any CPU.ActiveCfg = Release|Any CPU
		{030F62B8-F30E-4AC4-8147-95790D073BB8}.Release|Any CPU.Build.0 = Release|Any CPU
		{A358909D-1335-4B0E-A80D-65ECAF8DEEF4}.Debug|Any CPU.ActiveCfg = Debug|Any CPU
		{A358909D-1335-4B0E-A80D-65ECAF8DEEF4}.Debug|Any CPU.Build.0 = Debug|Any CPU
		{A358909D-1335-4B0E-A80D-65ECAF8DEEF4}.Release|Any CPU.ActiveCfg = Release|Any CPU
		{A358909D-1335-4B0E-A80D-65ECAF8DEEF4}.Release|Any CPU.Build.0 = Release|Any CPU
		{5C643EB8-0724-4088-BDB5-918E41F032C2}.Debug|Any CPU.ActiveCfg = Debug|Any CPU
		{5C643EB8-0724-4088-BDB5-918E41F032C2}.Debug|Any CPU.Build.0 = Debug|Any CPU
		{5C643EB8-0724-4088-BDB5-918E41F032C2}.Release|Any CPU.ActiveCfg = Release|Any CPU
		{5C643EB8-0724-4088-BDB5-918E41F032C2}.Release|Any CPU.Build.0 = Release|Any CPU
		{BF74FA9F-2D97-499A-BE94-1C153AFD913A}.Debug|Any CPU.ActiveCfg = Debug|Any CPU
		{BF74FA9F-2D97-499A-BE94-1C153AFD913A}.Debug|Any CPU.Build.0 = Debug|Any CPU
		{BF74FA9F-2D97-499A-BE94-1C153AFD913A}.Release|Any CPU.ActiveCfg = Release|Any CPU
		{BF74FA9F-2D97-499A-BE94-1C153AFD913A}.Release|Any CPU.Build.0 = Release|Any CPU
	EndGlobalSection
	GlobalSection(SolutionProperties) = preSolution
		HideSolutionNode = FALSE
	EndGlobalSection
	GlobalSection(ExtensibilityGlobals) = postSolution
		SolutionGuid = {C8342A7F-7D4D-444B-A18B-1AEB5E105823}
	EndGlobalSection
EndGlobal
