
Microsoft Visual Studio Solution File, Format Version 12.00
# Visual Studio 15
VisualStudioVersion = 15.0.28010.2003
MinimumVisualStudioVersion = 10.0.40219.1
Project("{2150E333-8FDC-42A3-9474-1A3956D46DE8}") = "PP 2017", "PP 2017", "{25FE2AAE-B35E-42E8-8EC6-88552C485738}"
EndProject
Project("{2150E333-8FDC-42A3-9474-1A3956D46DE8}") = "RPP 2017", "RPP 2017", "{A19AA777-656F-4489-8AD6-5FBC51BED24F}"
EndProject
Project("{2150E333-8FDC-42A3-9474-1A3956D46DE8}") = "RPP 2016", "RPP 2016", "{1AF6EBD9-C26D-43E5-8DB4-23A6CCD63770}"
EndProject
Project("{2150E333-8FDC-42A3-9474-1A3956D46DE8}") = "Lavadero", "Lavadero", "{B4B284A4-BFB7-4761-B9CD-19527DE1EE21}"
EndProject
Project("{FAE04EC0-301F-11D3-BF4B-00C04F79EFBC}") = "Entidades", "..\Gomez.Agustin.2A\Clase12\Entidades\Entidades.csproj", "{CB75470E-420F-4287-84CD-47B5F2B02058}"
EndProject
Project("{FAE04EC0-301F-11D3-BF4B-00C04F79EFBC}") = "TestLavadero", "..\Gomez.Agustin.2A\Clase12\TestLavadero\TestLavadero.csproj", "{64526001-ED34-462B-96BF-ED063D276C99}"
EndProject
Project("{2150E333-8FDC-42A3-9474-1A3956D46DE8}") = "PP 2016", "PP 2016", "{58218992-894E-44E5-AD98-4F7CFB79503A}"
EndProject
Project("{2150E333-8FDC-42A3-9474-1A3956D46DE8}") = "Financiera", "Financiera", "{22A23FEA-19DA-4CF3-BAFF-9B93299769DB}"
EndProject
Project("{FAE04EC0-301F-11D3-BF4B-00C04F79EFBC}") = "Test", "1erParcial\Financiera\Test\Test.csproj", "{1A300127-C611-46B4-8E23-8BBBB3383426}"
EndProject
Project("{FAE04EC0-301F-11D3-BF4B-00C04F79EFBC}") = "EntidadFinanciera", "1erParcial\Financiera\Entidades\EntidadFinanciera.csproj", "{A61560FD-E7D8-4684-BADD-3F747D64C4FF}"
EndProject
Project("{FAE04EC0-301F-11D3-BF4B-00C04F79EFBC}") = "Entidades", "1erParcial\PP 2016\Entidades\Entidades.csproj", "{4D393CC5-5E63-4858-B9D0-B67D77B1C4DF}"
EndProject
Project("{FAE04EC0-301F-11D3-BF4B-00C04F79EFBC}") = "TestEstante", "1erParcial\PP 2016\TestEstante\TestEstante.csproj", "{2E04C3B9-57C1-4005-BC65-712EB8FAFC39}"
EndProject
Project("{FAE04EC0-301F-11D3-BF4B-00C04F79EFBC}") = "PP 2017", "1erParcial\PP 2017\PP 2017.csproj", "{DC13EB80-72F1-4EE6-B107-B119EF571244}"
EndProject
Project("{FAE04EC0-301F-11D3-BF4B-00C04F79EFBC}") = "Entidades", "1erParcial\PP 2017\Entidades\Entidades.csproj", "{180B1D83-E50D-41FE-8ECA-EBE76E757533}"
EndProject
Project("{FAE04EC0-301F-11D3-BF4B-00C04F79EFBC}") = "Entidades", "1erParcial\RPP 2016\Entidades\Entidades.csproj", "{0A41390F-E7CA-4928-9FCA-FF0296F8C803}"
EndProject
Project("{FAE04EC0-301F-11D3-BF4B-00C04F79EFBC}") = "RPP 2017", "1erParcial\RPP 2017\RPP 2017.csproj", "{614EBEB0-F788-419B-8913-02F8703715BB}"
EndProject
Project("{FAE04EC0-301F-11D3-BF4B-00C04F79EFBC}") = "Entidades", "1erParcial\RPP 2017\Entidades\Entidades.csproj", "{CAE559D8-E3F9-42D2-9D64-E9E828D4DE78}"
EndProject
Project("{2150E333-8FDC-42A3-9474-1A3956D46DE8}") = "Primer Parcial", "Primer Parcial", "{37C5B71B-A4CC-4EDF-A24D-336B05CA63B0}"
EndProject
Project("{2150E333-8FDC-42A3-9474-1A3956D46DE8}") = "Segundo Parcial", "Segundo Parcial", "{30ACE943-4538-447C-AFE0-449D440244A4}"
EndProject
Project("{FAE04EC0-301F-11D3-BF4B-00C04F79EFBC}") = "Parcial-2-20170622", "2doParcial\20170622-Parcial-LosHilos\Parcial-2-20170622\Parcial-2-20170622.csproj", "{BCBF0CB7-B1A6-4F3C-9550-4EC500A1EA6D}"
EndProject
Project("{2150E333-8FDC-42A3-9474-1A3956D46DE8}") = "LosHilos", "LosHilos", "{026AEFFD-5EE3-4ECB-B86F-D3FA0B218442}"
EndProject
Project("{FAE04EC0-301F-11D3-BF4B-00C04F79EFBC}") = "Interfaces", "2doParcial\20170622-Parcial-LosHilos\Interfaces\Interfaces.csproj", "{D2F2FAA7-A67B-4930-8A76-063B9346982B}"
EndProject
Project("{FAE04EC0-301F-11D3-BF4B-00C04F79EFBC}") = "Entidades", "2doParcial\20170622-Parcial-LosHilos\Entidades\Entidades.csproj", "{AB481655-19E3-4CA3-8184-BDE72A1FC184}"
EndProject
Project("{2150E333-8FDC-42A3-9474-1A3956D46DE8}") = "Corredor", "Corredor", "{8FB71C19-F345-4A47-82A9-BF22197F9A1E}"
EndProject
Project("{FAE04EC0-301F-11D3-BF4B-00C04F79EFBC}") = "Entidades", "2doParcial\My-Projects-master\2_Parcial\Entidades\Entidades.csproj", "{D3D077D8-FB8E-4F97-81DF-60DFB9E39BDB}"
EndProject
Project("{FAE04EC0-301F-11D3-BF4B-00C04F79EFBC}") = "Parcial", "2doParcial\My-Projects-master\2_Parcial\Parcial\Parcial.csproj", "{079D0141-4A48-4708-8F71-5D7D6EBAFDB0}"
EndProject
Project("{2150E333-8FDC-42A3-9474-1A3956D46DE8}") = "Frutas", "Frutas", "{4D3B82E9-C742-4411-A619-05D20D52D332}"
EndProject
Project("{FAE04EC0-301F-11D3-BF4B-00C04F79EFBC}") = "TesteoFruta", "2doParcial\Neiner\2ParcialNeinerFrutas\TesteoFruta\TesteoFruta.csproj", "{9C636871-4D62-4FED-867F-E532C5923433}"
EndProject
Project("{FAE04EC0-301F-11D3-BF4B-00C04F79EFBC}") = "Entidades", "2doParcial\Neiner\2ParcialNeinerFrutas\Entidades\Entidades.csproj", "{6849F1CA-5306-4657-9118-865CA755828B}"
EndProject
Project("{2150E333-8FDC-42A3-9474-1A3956D46DE8}") = "Frutas2", "Frutas2", "{C5D0CE09-062B-4B53-BC7F-3D887471675E}"
EndProject
Project("{FAE04EC0-301F-11D3-BF4B-00C04F79EFBC}") = "Entidades", "2doParcial\Neiner\2ParcialNeinerFrutas2\Entidades\Entidades.csproj", "{5B033BEA-041B-4EFD-9AF4-E9D0E9604375}"
EndProject
Project("{FAE04EC0-301F-11D3-BF4B-00C04F79EFBC}") = "EventArgsClases", "2doParcial\Neiner\2ParcialNeinerFrutas2\EventArgs\EventArgsClases.csproj", "{9D086135-82DC-454E-A626-2A3704755AB1}"
EndProject
Project("{FAE04EC0-301F-11D3-BF4B-00C04F79EFBC}") = "Exceptions", "2doParcial\Neiner\2ParcialNeinerFrutas2\Exceptions\Exceptions.csproj", "{56FF3065-82F2-4227-934F-AE1948B04448}"
EndProject
Project("{FAE04EC0-301F-11D3-BF4B-00C04F79EFBC}") = "Interfaces", "2doParcial\Neiner\2ParcialNeinerFrutas2\Interfaces\Interfaces.csproj", "{55AF0158-6E3B-4D2A-9929-7F039A70B14C}"
EndProject
Project("{FAE04EC0-301F-11D3-BF4B-00C04F79EFBC}") = "Programa", "2doParcial\Neiner\2ParcialNeinerFrutas2\Programa\Programa.csproj", "{2FCCFF17-77F3-4EB9-A284-36DFA6C65E02}"
EndProject
Project("{2150E333-8FDC-42A3-9474-1A3956D46DE8}") = "FinalLabN", "FinalLabN", "{BA5D5A4D-1A0E-4344-B013-8FDCF3651FEB}"
EndProject
Project("{FAE04EC0-301F-11D3-BF4B-00C04F79EFBC}") = "Entidades", "2doParcial\Neiner\FinalLabNeiner\Entidades\Entidades.csproj", "{64687C18-780B-4737-8BB2-CD02A2F75FC1}"
EndProject
Project("{FAE04EC0-301F-11D3-BF4B-00C04F79EFBC}") = "Final", "2doParcial\Neiner\FinalLabNeiner\Final\Final.csproj", "{1E16CF30-DEF8-48E2-8620-5DE91FB8E3DB}"
EndProject
Project("{2150E333-8FDC-42A3-9474-1A3956D46DE8}") = "FinalLabN2", "FinalLabN2", "{C58C1966-EEA0-4BC4-BC25-5DF4902020E5}"
EndProject
Project("{FAE04EC0-301F-11D3-BF4B-00C04F79EFBC}") = "Final", "2doParcial\Neiner\FinalLabNeiner2\Final\Final.csproj", "{7B3B9D2A-110C-4383-B610-3D27BBD3F902}"
EndProject
Project("{FAE04EC0-301F-11D3-BF4B-00C04F79EFBC}") = "Entidades", "2doParcial\Neiner\FinalLabNeiner2\Entidades\Entidades.csproj", "{4428AE24-92F9-42AB-8BEB-845E021D7C19}"
EndProject
Project("{FAE04EC0-301F-11D3-BF4B-00C04F79EFBC}") = "Entidades", "2doParcial\PracticaParcialDos\Entidades\Entidades.csproj", "{A2A827A9-0609-4C1C-BA80-3004E39615F3}"
EndProject
Project("{2150E333-8FDC-42A3-9474-1A3956D46DE8}") = "Cartuchera", "Cartuchera", "{D8E922C4-B9CD-49C1-A26A-3DA705B9D0D8}"
EndProject
Project("{FAE04EC0-301F-11D3-BF4B-00C04F79EFBC}") = "Consola", "2doParcial\PracticaParcialDos\Consola\Consola.csproj", "{1A056B74-2FF8-4987-85F4-541B75D5185D}"
EndProject
Global
	GlobalSection(SolutionConfigurationPlatforms) = preSolution
		Debug|Any CPU = Debug|Any CPU
		Debug|x86 = Debug|x86
		Release|Any CPU = Release|Any CPU
		Release|x86 = Release|x86
	EndGlobalSection
	GlobalSection(ProjectConfigurationPlatforms) = postSolution
		{CB75470E-420F-4287-84CD-47B5F2B02058}.Debug|Any CPU.ActiveCfg = Debug|Any CPU
		{CB75470E-420F-4287-84CD-47B5F2B02058}.Debug|Any CPU.Build.0 = Debug|Any CPU
		{CB75470E-420F-4287-84CD-47B5F2B02058}.Debug|x86.ActiveCfg = Debug|Any CPU
		{CB75470E-420F-4287-84CD-47B5F2B02058}.Debug|x86.Build.0 = Debug|Any CPU
		{CB75470E-420F-4287-84CD-47B5F2B02058}.Release|Any CPU.ActiveCfg = Release|Any CPU
		{CB75470E-420F-4287-84CD-47B5F2B02058}.Release|Any CPU.Build.0 = Release|Any CPU
		{CB75470E-420F-4287-84CD-47B5F2B02058}.Release|x86.ActiveCfg = Release|Any CPU
		{CB75470E-420F-4287-84CD-47B5F2B02058}.Release|x86.Build.0 = Release|Any CPU
		{64526001-ED34-462B-96BF-ED063D276C99}.Debug|Any CPU.ActiveCfg = Debug|Any CPU
		{64526001-ED34-462B-96BF-ED063D276C99}.Debug|Any CPU.Build.0 = Debug|Any CPU
		{64526001-ED34-462B-96BF-ED063D276C99}.Debug|x86.ActiveCfg = Debug|Any CPU
		{64526001-ED34-462B-96BF-ED063D276C99}.Debug|x86.Build.0 = Debug|Any CPU
		{64526001-ED34-462B-96BF-ED063D276C99}.Release|Any CPU.ActiveCfg = Release|Any CPU
		{64526001-ED34-462B-96BF-ED063D276C99}.Release|Any CPU.Build.0 = Release|Any CPU
		{64526001-ED34-462B-96BF-ED063D276C99}.Release|x86.ActiveCfg = Release|Any CPU
		{64526001-ED34-462B-96BF-ED063D276C99}.Release|x86.Build.0 = Release|Any CPU
		{1A300127-C611-46B4-8E23-8BBBB3383426}.Debug|Any CPU.ActiveCfg = Debug|Any CPU
		{1A300127-C611-46B4-8E23-8BBBB3383426}.Debug|Any CPU.Build.0 = Debug|Any CPU
		{1A300127-C611-46B4-8E23-8BBBB3383426}.Debug|x86.ActiveCfg = Debug|Any CPU
		{1A300127-C611-46B4-8E23-8BBBB3383426}.Debug|x86.Build.0 = Debug|Any CPU
		{1A300127-C611-46B4-8E23-8BBBB3383426}.Release|Any CPU.ActiveCfg = Release|Any CPU
		{1A300127-C611-46B4-8E23-8BBBB3383426}.Release|Any CPU.Build.0 = Release|Any CPU
		{1A300127-C611-46B4-8E23-8BBBB3383426}.Release|x86.ActiveCfg = Release|Any CPU
		{1A300127-C611-46B4-8E23-8BBBB3383426}.Release|x86.Build.0 = Release|Any CPU
		{A61560FD-E7D8-4684-BADD-3F747D64C4FF}.Debug|Any CPU.ActiveCfg = Debug|Any CPU
		{A61560FD-E7D8-4684-BADD-3F747D64C4FF}.Debug|Any CPU.Build.0 = Debug|Any CPU
		{A61560FD-E7D8-4684-BADD-3F747D64C4FF}.Debug|x86.ActiveCfg = Debug|Any CPU
		{A61560FD-E7D8-4684-BADD-3F747D64C4FF}.Debug|x86.Build.0 = Debug|Any CPU
		{A61560FD-E7D8-4684-BADD-3F747D64C4FF}.Release|Any CPU.ActiveCfg = Release|Any CPU
		{A61560FD-E7D8-4684-BADD-3F747D64C4FF}.Release|Any CPU.Build.0 = Release|Any CPU
		{A61560FD-E7D8-4684-BADD-3F747D64C4FF}.Release|x86.ActiveCfg = Release|Any CPU
		{A61560FD-E7D8-4684-BADD-3F747D64C4FF}.Release|x86.Build.0 = Release|Any CPU
		{4D393CC5-5E63-4858-B9D0-B67D77B1C4DF}.Debug|Any CPU.ActiveCfg = Debug|Any CPU
		{4D393CC5-5E63-4858-B9D0-B67D77B1C4DF}.Debug|Any CPU.Build.0 = Debug|Any CPU
		{4D393CC5-5E63-4858-B9D0-B67D77B1C4DF}.Debug|x86.ActiveCfg = Debug|Any CPU
		{4D393CC5-5E63-4858-B9D0-B67D77B1C4DF}.Debug|x86.Build.0 = Debug|Any CPU
		{4D393CC5-5E63-4858-B9D0-B67D77B1C4DF}.Release|Any CPU.ActiveCfg = Release|Any CPU
		{4D393CC5-5E63-4858-B9D0-B67D77B1C4DF}.Release|Any CPU.Build.0 = Release|Any CPU
		{4D393CC5-5E63-4858-B9D0-B67D77B1C4DF}.Release|x86.ActiveCfg = Release|Any CPU
		{4D393CC5-5E63-4858-B9D0-B67D77B1C4DF}.Release|x86.Build.0 = Release|Any CPU
		{2E04C3B9-57C1-4005-BC65-712EB8FAFC39}.Debug|Any CPU.ActiveCfg = Debug|Any CPU
		{2E04C3B9-57C1-4005-BC65-712EB8FAFC39}.Debug|Any CPU.Build.0 = Debug|Any CPU
		{2E04C3B9-57C1-4005-BC65-712EB8FAFC39}.Debug|x86.ActiveCfg = Debug|Any CPU
		{2E04C3B9-57C1-4005-BC65-712EB8FAFC39}.Debug|x86.Build.0 = Debug|Any CPU
		{2E04C3B9-57C1-4005-BC65-712EB8FAFC39}.Release|Any CPU.ActiveCfg = Release|Any CPU
		{2E04C3B9-57C1-4005-BC65-712EB8FAFC39}.Release|Any CPU.Build.0 = Release|Any CPU
		{2E04C3B9-57C1-4005-BC65-712EB8FAFC39}.Release|x86.ActiveCfg = Release|Any CPU
		{2E04C3B9-57C1-4005-BC65-712EB8FAFC39}.Release|x86.Build.0 = Release|Any CPU
		{DC13EB80-72F1-4EE6-B107-B119EF571244}.Debug|Any CPU.ActiveCfg = Debug|Any CPU
		{DC13EB80-72F1-4EE6-B107-B119EF571244}.Debug|Any CPU.Build.0 = Debug|Any CPU
		{DC13EB80-72F1-4EE6-B107-B119EF571244}.Debug|x86.ActiveCfg = Debug|Any CPU
		{DC13EB80-72F1-4EE6-B107-B119EF571244}.Debug|x86.Build.0 = Debug|Any CPU
		{DC13EB80-72F1-4EE6-B107-B119EF571244}.Release|Any CPU.ActiveCfg = Release|Any CPU
		{DC13EB80-72F1-4EE6-B107-B119EF571244}.Release|Any CPU.Build.0 = Release|Any CPU
		{DC13EB80-72F1-4EE6-B107-B119EF571244}.Release|x86.ActiveCfg = Release|Any CPU
		{DC13EB80-72F1-4EE6-B107-B119EF571244}.Release|x86.Build.0 = Release|Any CPU
		{180B1D83-E50D-41FE-8ECA-EBE76E757533}.Debug|Any CPU.ActiveCfg = Debug|Any CPU
		{180B1D83-E50D-41FE-8ECA-EBE76E757533}.Debug|Any CPU.Build.0 = Debug|Any CPU
		{180B1D83-E50D-41FE-8ECA-EBE76E757533}.Debug|x86.ActiveCfg = Debug|Any CPU
		{180B1D83-E50D-41FE-8ECA-EBE76E757533}.Debug|x86.Build.0 = Debug|Any CPU
		{180B1D83-E50D-41FE-8ECA-EBE76E757533}.Release|Any CPU.ActiveCfg = Release|Any CPU
		{180B1D83-E50D-41FE-8ECA-EBE76E757533}.Release|Any CPU.Build.0 = Release|Any CPU
		{180B1D83-E50D-41FE-8ECA-EBE76E757533}.Release|x86.ActiveCfg = Release|Any CPU
		{180B1D83-E50D-41FE-8ECA-EBE76E757533}.Release|x86.Build.0 = Release|Any CPU
		{0A41390F-E7CA-4928-9FCA-FF0296F8C803}.Debug|Any CPU.ActiveCfg = Debug|Any CPU
		{0A41390F-E7CA-4928-9FCA-FF0296F8C803}.Debug|Any CPU.Build.0 = Debug|Any CPU
		{0A41390F-E7CA-4928-9FCA-FF0296F8C803}.Debug|x86.ActiveCfg = Debug|Any CPU
		{0A41390F-E7CA-4928-9FCA-FF0296F8C803}.Debug|x86.Build.0 = Debug|Any CPU
		{0A41390F-E7CA-4928-9FCA-FF0296F8C803}.Release|Any CPU.ActiveCfg = Release|Any CPU
		{0A41390F-E7CA-4928-9FCA-FF0296F8C803}.Release|Any CPU.Build.0 = Release|Any CPU
		{0A41390F-E7CA-4928-9FCA-FF0296F8C803}.Release|x86.ActiveCfg = Release|Any CPU
		{0A41390F-E7CA-4928-9FCA-FF0296F8C803}.Release|x86.Build.0 = Release|Any CPU
		{614EBEB0-F788-419B-8913-02F8703715BB}.Debug|Any CPU.ActiveCfg = Debug|Any CPU
		{614EBEB0-F788-419B-8913-02F8703715BB}.Debug|Any CPU.Build.0 = Debug|Any CPU
		{614EBEB0-F788-419B-8913-02F8703715BB}.Debug|x86.ActiveCfg = Debug|Any CPU
		{614EBEB0-F788-419B-8913-02F8703715BB}.Debug|x86.Build.0 = Debug|Any CPU
		{614EBEB0-F788-419B-8913-02F8703715BB}.Release|Any CPU.ActiveCfg = Release|Any CPU
		{614EBEB0-F788-419B-8913-02F8703715BB}.Release|Any CPU.Build.0 = Release|Any CPU
		{614EBEB0-F788-419B-8913-02F8703715BB}.Release|x86.ActiveCfg = Release|Any CPU
		{614EBEB0-F788-419B-8913-02F8703715BB}.Release|x86.Build.0 = Release|Any CPU
		{CAE559D8-E3F9-42D2-9D64-E9E828D4DE78}.Debug|Any CPU.ActiveCfg = Debug|Any CPU
		{CAE559D8-E3F9-42D2-9D64-E9E828D4DE78}.Debug|Any CPU.Build.0 = Debug|Any CPU
		{CAE559D8-E3F9-42D2-9D64-E9E828D4DE78}.Debug|x86.ActiveCfg = Debug|Any CPU
		{CAE559D8-E3F9-42D2-9D64-E9E828D4DE78}.Debug|x86.Build.0 = Debug|Any CPU
		{CAE559D8-E3F9-42D2-9D64-E9E828D4DE78}.Release|Any CPU.ActiveCfg = Release|Any CPU
		{CAE559D8-E3F9-42D2-9D64-E9E828D4DE78}.Release|Any CPU.Build.0 = Release|Any CPU
		{CAE559D8-E3F9-42D2-9D64-E9E828D4DE78}.Release|x86.ActiveCfg = Release|Any CPU
		{CAE559D8-E3F9-42D2-9D64-E9E828D4DE78}.Release|x86.Build.0 = Release|Any CPU
		{BCBF0CB7-B1A6-4F3C-9550-4EC500A1EA6D}.Debug|Any CPU.ActiveCfg = Debug|Any CPU
		{BCBF0CB7-B1A6-4F3C-9550-4EC500A1EA6D}.Debug|Any CPU.Build.0 = Debug|Any CPU
		{BCBF0CB7-B1A6-4F3C-9550-4EC500A1EA6D}.Debug|x86.ActiveCfg = Debug|Any CPU
		{BCBF0CB7-B1A6-4F3C-9550-4EC500A1EA6D}.Debug|x86.Build.0 = Debug|Any CPU
		{BCBF0CB7-B1A6-4F3C-9550-4EC500A1EA6D}.Release|Any CPU.ActiveCfg = Release|Any CPU
		{BCBF0CB7-B1A6-4F3C-9550-4EC500A1EA6D}.Release|Any CPU.Build.0 = Release|Any CPU
		{BCBF0CB7-B1A6-4F3C-9550-4EC500A1EA6D}.Release|x86.ActiveCfg = Release|Any CPU
		{BCBF0CB7-B1A6-4F3C-9550-4EC500A1EA6D}.Release|x86.Build.0 = Release|Any CPU
		{D2F2FAA7-A67B-4930-8A76-063B9346982B}.Debug|Any CPU.ActiveCfg = Debug|Any CPU
		{D2F2FAA7-A67B-4930-8A76-063B9346982B}.Debug|Any CPU.Build.0 = Debug|Any CPU
		{D2F2FAA7-A67B-4930-8A76-063B9346982B}.Debug|x86.ActiveCfg = Debug|Any CPU
		{D2F2FAA7-A67B-4930-8A76-063B9346982B}.Debug|x86.Build.0 = Debug|Any CPU
		{D2F2FAA7-A67B-4930-8A76-063B9346982B}.Release|Any CPU.ActiveCfg = Release|Any CPU
		{D2F2FAA7-A67B-4930-8A76-063B9346982B}.Release|Any CPU.Build.0 = Release|Any CPU
		{D2F2FAA7-A67B-4930-8A76-063B9346982B}.Release|x86.ActiveCfg = Release|Any CPU
		{D2F2FAA7-A67B-4930-8A76-063B9346982B}.Release|x86.Build.0 = Release|Any CPU
		{AB481655-19E3-4CA3-8184-BDE72A1FC184}.Debug|Any CPU.ActiveCfg = Debug|Any CPU
		{AB481655-19E3-4CA3-8184-BDE72A1FC184}.Debug|Any CPU.Build.0 = Debug|Any CPU
		{AB481655-19E3-4CA3-8184-BDE72A1FC184}.Debug|x86.ActiveCfg = Debug|Any CPU
		{AB481655-19E3-4CA3-8184-BDE72A1FC184}.Debug|x86.Build.0 = Debug|Any CPU
		{AB481655-19E3-4CA3-8184-BDE72A1FC184}.Release|Any CPU.ActiveCfg = Release|Any CPU
		{AB481655-19E3-4CA3-8184-BDE72A1FC184}.Release|Any CPU.Build.0 = Release|Any CPU
		{AB481655-19E3-4CA3-8184-BDE72A1FC184}.Release|x86.ActiveCfg = Release|Any CPU
		{AB481655-19E3-4CA3-8184-BDE72A1FC184}.Release|x86.Build.0 = Release|Any CPU
		{D3D077D8-FB8E-4F97-81DF-60DFB9E39BDB}.Debug|Any CPU.ActiveCfg = Debug|Any CPU
		{D3D077D8-FB8E-4F97-81DF-60DFB9E39BDB}.Debug|Any CPU.Build.0 = Debug|Any CPU
		{D3D077D8-FB8E-4F97-81DF-60DFB9E39BDB}.Debug|x86.ActiveCfg = Debug|Any CPU
		{D3D077D8-FB8E-4F97-81DF-60DFB9E39BDB}.Debug|x86.Build.0 = Debug|Any CPU
		{D3D077D8-FB8E-4F97-81DF-60DFB9E39BDB}.Release|Any CPU.ActiveCfg = Release|Any CPU
		{D3D077D8-FB8E-4F97-81DF-60DFB9E39BDB}.Release|Any CPU.Build.0 = Release|Any CPU
		{D3D077D8-FB8E-4F97-81DF-60DFB9E39BDB}.Release|x86.ActiveCfg = Release|Any CPU
		{D3D077D8-FB8E-4F97-81DF-60DFB9E39BDB}.Release|x86.Build.0 = Release|Any CPU
		{079D0141-4A48-4708-8F71-5D7D6EBAFDB0}.Debug|Any CPU.ActiveCfg = Debug|Any CPU
		{079D0141-4A48-4708-8F71-5D7D6EBAFDB0}.Debug|Any CPU.Build.0 = Debug|Any CPU
		{079D0141-4A48-4708-8F71-5D7D6EBAFDB0}.Debug|x86.ActiveCfg = Debug|Any CPU
		{079D0141-4A48-4708-8F71-5D7D6EBAFDB0}.Debug|x86.Build.0 = Debug|Any CPU
		{079D0141-4A48-4708-8F71-5D7D6EBAFDB0}.Release|Any CPU.ActiveCfg = Release|Any CPU
		{079D0141-4A48-4708-8F71-5D7D6EBAFDB0}.Release|Any CPU.Build.0 = Release|Any CPU
		{079D0141-4A48-4708-8F71-5D7D6EBAFDB0}.Release|x86.ActiveCfg = Release|Any CPU
		{079D0141-4A48-4708-8F71-5D7D6EBAFDB0}.Release|x86.Build.0 = Release|Any CPU
		{9C636871-4D62-4FED-867F-E532C5923433}.Debug|Any CPU.ActiveCfg = Debug|Any CPU
		{9C636871-4D62-4FED-867F-E532C5923433}.Debug|Any CPU.Build.0 = Debug|Any CPU
		{9C636871-4D62-4FED-867F-E532C5923433}.Debug|x86.ActiveCfg = Debug|Any CPU
		{9C636871-4D62-4FED-867F-E532C5923433}.Debug|x86.Build.0 = Debug|Any CPU
		{9C636871-4D62-4FED-867F-E532C5923433}.Release|Any CPU.ActiveCfg = Release|Any CPU
		{9C636871-4D62-4FED-867F-E532C5923433}.Release|Any CPU.Build.0 = Release|Any CPU
		{9C636871-4D62-4FED-867F-E532C5923433}.Release|x86.ActiveCfg = Release|Any CPU
		{9C636871-4D62-4FED-867F-E532C5923433}.Release|x86.Build.0 = Release|Any CPU
		{6849F1CA-5306-4657-9118-865CA755828B}.Debug|Any CPU.ActiveCfg = Debug|Any CPU
		{6849F1CA-5306-4657-9118-865CA755828B}.Debug|Any CPU.Build.0 = Debug|Any CPU
		{6849F1CA-5306-4657-9118-865CA755828B}.Debug|x86.ActiveCfg = Debug|Any CPU
		{6849F1CA-5306-4657-9118-865CA755828B}.Debug|x86.Build.0 = Debug|Any CPU
		{6849F1CA-5306-4657-9118-865CA755828B}.Release|Any CPU.ActiveCfg = Release|Any CPU
		{6849F1CA-5306-4657-9118-865CA755828B}.Release|Any CPU.Build.0 = Release|Any CPU
		{6849F1CA-5306-4657-9118-865CA755828B}.Release|x86.ActiveCfg = Release|Any CPU
		{6849F1CA-5306-4657-9118-865CA755828B}.Release|x86.Build.0 = Release|Any CPU
		{5B033BEA-041B-4EFD-9AF4-E9D0E9604375}.Debug|Any CPU.ActiveCfg = Debug|Any CPU
		{5B033BEA-041B-4EFD-9AF4-E9D0E9604375}.Debug|Any CPU.Build.0 = Debug|Any CPU
		{5B033BEA-041B-4EFD-9AF4-E9D0E9604375}.Debug|x86.ActiveCfg = Debug|Any CPU
		{5B033BEA-041B-4EFD-9AF4-E9D0E9604375}.Debug|x86.Build.0 = Debug|Any CPU
		{5B033BEA-041B-4EFD-9AF4-E9D0E9604375}.Release|Any CPU.ActiveCfg = Release|Any CPU
		{5B033BEA-041B-4EFD-9AF4-E9D0E9604375}.Release|Any CPU.Build.0 = Release|Any CPU
		{5B033BEA-041B-4EFD-9AF4-E9D0E9604375}.Release|x86.ActiveCfg = Release|Any CPU
		{5B033BEA-041B-4EFD-9AF4-E9D0E9604375}.Release|x86.Build.0 = Release|Any CPU
		{9D086135-82DC-454E-A626-2A3704755AB1}.Debug|Any CPU.ActiveCfg = Debug|Any CPU
		{9D086135-82DC-454E-A626-2A3704755AB1}.Debug|Any CPU.Build.0 = Debug|Any CPU
		{9D086135-82DC-454E-A626-2A3704755AB1}.Debug|x86.ActiveCfg = Debug|Any CPU
		{9D086135-82DC-454E-A626-2A3704755AB1}.Debug|x86.Build.0 = Debug|Any CPU
		{9D086135-82DC-454E-A626-2A3704755AB1}.Release|Any CPU.ActiveCfg = Release|Any CPU
		{9D086135-82DC-454E-A626-2A3704755AB1}.Release|Any CPU.Build.0 = Release|Any CPU
		{9D086135-82DC-454E-A626-2A3704755AB1}.Release|x86.ActiveCfg = Release|Any CPU
		{9D086135-82DC-454E-A626-2A3704755AB1}.Release|x86.Build.0 = Release|Any CPU
		{56FF3065-82F2-4227-934F-AE1948B04448}.Debug|Any CPU.ActiveCfg = Debug|Any CPU
		{56FF3065-82F2-4227-934F-AE1948B04448}.Debug|Any CPU.Build.0 = Debug|Any CPU
		{56FF3065-82F2-4227-934F-AE1948B04448}.Debug|x86.ActiveCfg = Debug|Any CPU
		{56FF3065-82F2-4227-934F-AE1948B04448}.Debug|x86.Build.0 = Debug|Any CPU
		{56FF3065-82F2-4227-934F-AE1948B04448}.Release|Any CPU.ActiveCfg = Release|Any CPU
		{56FF3065-82F2-4227-934F-AE1948B04448}.Release|Any CPU.Build.0 = Release|Any CPU
		{56FF3065-82F2-4227-934F-AE1948B04448}.Release|x86.ActiveCfg = Release|Any CPU
		{56FF3065-82F2-4227-934F-AE1948B04448}.Release|x86.Build.0 = Release|Any CPU
		{55AF0158-6E3B-4D2A-9929-7F039A70B14C}.Debug|Any CPU.ActiveCfg = Debug|Any CPU
		{55AF0158-6E3B-4D2A-9929-7F039A70B14C}.Debug|Any CPU.Build.0 = Debug|Any CPU
		{55AF0158-6E3B-4D2A-9929-7F039A70B14C}.Debug|x86.ActiveCfg = Debug|Any CPU
		{55AF0158-6E3B-4D2A-9929-7F039A70B14C}.Debug|x86.Build.0 = Debug|Any CPU
		{55AF0158-6E3B-4D2A-9929-7F039A70B14C}.Release|Any CPU.ActiveCfg = Release|Any CPU
		{55AF0158-6E3B-4D2A-9929-7F039A70B14C}.Release|Any CPU.Build.0 = Release|Any CPU
		{55AF0158-6E3B-4D2A-9929-7F039A70B14C}.Release|x86.ActiveCfg = Release|Any CPU
		{55AF0158-6E3B-4D2A-9929-7F039A70B14C}.Release|x86.Build.0 = Release|Any CPU
		{2FCCFF17-77F3-4EB9-A284-36DFA6C65E02}.Debug|Any CPU.ActiveCfg = Debug|Any CPU
		{2FCCFF17-77F3-4EB9-A284-36DFA6C65E02}.Debug|Any CPU.Build.0 = Debug|Any CPU
		{2FCCFF17-77F3-4EB9-A284-36DFA6C65E02}.Debug|x86.ActiveCfg = Debug|Any CPU
		{2FCCFF17-77F3-4EB9-A284-36DFA6C65E02}.Debug|x86.Build.0 = Debug|Any CPU
		{2FCCFF17-77F3-4EB9-A284-36DFA6C65E02}.Release|Any CPU.ActiveCfg = Release|Any CPU
		{2FCCFF17-77F3-4EB9-A284-36DFA6C65E02}.Release|Any CPU.Build.0 = Release|Any CPU
		{2FCCFF17-77F3-4EB9-A284-36DFA6C65E02}.Release|x86.ActiveCfg = Release|Any CPU
		{2FCCFF17-77F3-4EB9-A284-36DFA6C65E02}.Release|x86.Build.0 = Release|Any CPU
		{64687C18-780B-4737-8BB2-CD02A2F75FC1}.Debug|Any CPU.ActiveCfg = Debug|Any CPU
		{64687C18-780B-4737-8BB2-CD02A2F75FC1}.Debug|Any CPU.Build.0 = Debug|Any CPU
		{64687C18-780B-4737-8BB2-CD02A2F75FC1}.Debug|x86.ActiveCfg = Debug|Any CPU
		{64687C18-780B-4737-8BB2-CD02A2F75FC1}.Debug|x86.Build.0 = Debug|Any CPU
		{64687C18-780B-4737-8BB2-CD02A2F75FC1}.Release|Any CPU.ActiveCfg = Release|Any CPU
		{64687C18-780B-4737-8BB2-CD02A2F75FC1}.Release|Any CPU.Build.0 = Release|Any CPU
		{64687C18-780B-4737-8BB2-CD02A2F75FC1}.Release|x86.ActiveCfg = Release|Any CPU
		{64687C18-780B-4737-8BB2-CD02A2F75FC1}.Release|x86.Build.0 = Release|Any CPU
		{1E16CF30-DEF8-48E2-8620-5DE91FB8E3DB}.Debug|Any CPU.ActiveCfg = Debug|x86
		{1E16CF30-DEF8-48E2-8620-5DE91FB8E3DB}.Debug|x86.ActiveCfg = Debug|x86
		{1E16CF30-DEF8-48E2-8620-5DE91FB8E3DB}.Debug|x86.Build.0 = Debug|x86
		{1E16CF30-DEF8-48E2-8620-5DE91FB8E3DB}.Release|Any CPU.ActiveCfg = Release|x86
		{1E16CF30-DEF8-48E2-8620-5DE91FB8E3DB}.Release|x86.ActiveCfg = Release|x86
		{1E16CF30-DEF8-48E2-8620-5DE91FB8E3DB}.Release|x86.Build.0 = Release|x86
		{7B3B9D2A-110C-4383-B610-3D27BBD3F902}.Debug|Any CPU.ActiveCfg = Debug|x86
		{7B3B9D2A-110C-4383-B610-3D27BBD3F902}.Debug|x86.ActiveCfg = Debug|x86
		{7B3B9D2A-110C-4383-B610-3D27BBD3F902}.Debug|x86.Build.0 = Debug|x86
		{7B3B9D2A-110C-4383-B610-3D27BBD3F902}.Release|Any CPU.ActiveCfg = Release|x86
		{7B3B9D2A-110C-4383-B610-3D27BBD3F902}.Release|x86.ActiveCfg = Release|x86
		{7B3B9D2A-110C-4383-B610-3D27BBD3F902}.Release|x86.Build.0 = Release|x86
		{4428AE24-92F9-42AB-8BEB-845E021D7C19}.Debug|Any CPU.ActiveCfg = Debug|Any CPU
		{4428AE24-92F9-42AB-8BEB-845E021D7C19}.Debug|Any CPU.Build.0 = Debug|Any CPU
		{4428AE24-92F9-42AB-8BEB-845E021D7C19}.Debug|x86.ActiveCfg = Debug|Any CPU
		{4428AE24-92F9-42AB-8BEB-845E021D7C19}.Debug|x86.Build.0 = Debug|Any CPU
		{4428AE24-92F9-42AB-8BEB-845E021D7C19}.Release|Any CPU.ActiveCfg = Release|Any CPU
		{4428AE24-92F9-42AB-8BEB-845E021D7C19}.Release|Any CPU.Build.0 = Release|Any CPU
		{4428AE24-92F9-42AB-8BEB-845E021D7C19}.Release|x86.ActiveCfg = Release|Any CPU
		{4428AE24-92F9-42AB-8BEB-845E021D7C19}.Release|x86.Build.0 = Release|Any CPU
		{A2A827A9-0609-4C1C-BA80-3004E39615F3}.Debug|Any CPU.ActiveCfg = Debug|Any CPU
		{A2A827A9-0609-4C1C-BA80-3004E39615F3}.Debug|Any CPU.Build.0 = Debug|Any CPU
		{A2A827A9-0609-4C1C-BA80-3004E39615F3}.Debug|x86.ActiveCfg = Debug|Any CPU
		{A2A827A9-0609-4C1C-BA80-3004E39615F3}.Debug|x86.Build.0 = Debug|Any CPU
		{A2A827A9-0609-4C1C-BA80-3004E39615F3}.Release|Any CPU.ActiveCfg = Release|Any CPU
		{A2A827A9-0609-4C1C-BA80-3004E39615F3}.Release|Any CPU.Build.0 = Release|Any CPU
		{A2A827A9-0609-4C1C-BA80-3004E39615F3}.Release|x86.ActiveCfg = Release|Any CPU
		{A2A827A9-0609-4C1C-BA80-3004E39615F3}.Release|x86.Build.0 = Release|Any CPU
		{1A056B74-2FF8-4987-85F4-541B75D5185D}.Debug|Any CPU.ActiveCfg = Debug|Any CPU
		{1A056B74-2FF8-4987-85F4-541B75D5185D}.Debug|Any CPU.Build.0 = Debug|Any CPU
		{1A056B74-2FF8-4987-85F4-541B75D5185D}.Debug|x86.ActiveCfg = Debug|Any CPU
		{1A056B74-2FF8-4987-85F4-541B75D5185D}.Debug|x86.Build.0 = Debug|Any CPU
		{1A056B74-2FF8-4987-85F4-541B75D5185D}.Release|Any CPU.ActiveCfg = Release|Any CPU
		{1A056B74-2FF8-4987-85F4-541B75D5185D}.Release|Any CPU.Build.0 = Release|Any CPU
		{1A056B74-2FF8-4987-85F4-541B75D5185D}.Release|x86.ActiveCfg = Release|Any CPU
		{1A056B74-2FF8-4987-85F4-541B75D5185D}.Release|x86.Build.0 = Release|Any CPU
	EndGlobalSection
	GlobalSection(SolutionProperties) = preSolution
		HideSolutionNode = FALSE
	EndGlobalSection
	GlobalSection(NestedProjects) = preSolution
		{25FE2AAE-B35E-42E8-8EC6-88552C485738} = {37C5B71B-A4CC-4EDF-A24D-336B05CA63B0}
		{A19AA777-656F-4489-8AD6-5FBC51BED24F} = {37C5B71B-A4CC-4EDF-A24D-336B05CA63B0}
		{1AF6EBD9-C26D-43E5-8DB4-23A6CCD63770} = {37C5B71B-A4CC-4EDF-A24D-336B05CA63B0}
		{B4B284A4-BFB7-4761-B9CD-19527DE1EE21} = {37C5B71B-A4CC-4EDF-A24D-336B05CA63B0}
		{CB75470E-420F-4287-84CD-47B5F2B02058} = {B4B284A4-BFB7-4761-B9CD-19527DE1EE21}
		{64526001-ED34-462B-96BF-ED063D276C99} = {B4B284A4-BFB7-4761-B9CD-19527DE1EE21}
		{58218992-894E-44E5-AD98-4F7CFB79503A} = {37C5B71B-A4CC-4EDF-A24D-336B05CA63B0}
		{22A23FEA-19DA-4CF3-BAFF-9B93299769DB} = {37C5B71B-A4CC-4EDF-A24D-336B05CA63B0}
		{1A300127-C611-46B4-8E23-8BBBB3383426} = {22A23FEA-19DA-4CF3-BAFF-9B93299769DB}
		{A61560FD-E7D8-4684-BADD-3F747D64C4FF} = {22A23FEA-19DA-4CF3-BAFF-9B93299769DB}
		{4D393CC5-5E63-4858-B9D0-B67D77B1C4DF} = {58218992-894E-44E5-AD98-4F7CFB79503A}
		{2E04C3B9-57C1-4005-BC65-712EB8FAFC39} = {58218992-894E-44E5-AD98-4F7CFB79503A}
		{DC13EB80-72F1-4EE6-B107-B119EF571244} = {25FE2AAE-B35E-42E8-8EC6-88552C485738}
		{180B1D83-E50D-41FE-8ECA-EBE76E757533} = {25FE2AAE-B35E-42E8-8EC6-88552C485738}
		{0A41390F-E7CA-4928-9FCA-FF0296F8C803} = {1AF6EBD9-C26D-43E5-8DB4-23A6CCD63770}
		{614EBEB0-F788-419B-8913-02F8703715BB} = {A19AA777-656F-4489-8AD6-5FBC51BED24F}
		{CAE559D8-E3F9-42D2-9D64-E9E828D4DE78} = {A19AA777-656F-4489-8AD6-5FBC51BED24F}
		{BCBF0CB7-B1A6-4F3C-9550-4EC500A1EA6D} = {026AEFFD-5EE3-4ECB-B86F-D3FA0B218442}
		{026AEFFD-5EE3-4ECB-B86F-D3FA0B218442} = {30ACE943-4538-447C-AFE0-449D440244A4}
		{D2F2FAA7-A67B-4930-8A76-063B9346982B} = {026AEFFD-5EE3-4ECB-B86F-D3FA0B218442}
		{AB481655-19E3-4CA3-8184-BDE72A1FC184} = {026AEFFD-5EE3-4ECB-B86F-D3FA0B218442}
		{8FB71C19-F345-4A47-82A9-BF22197F9A1E} = {30ACE943-4538-447C-AFE0-449D440244A4}
		{D3D077D8-FB8E-4F97-81DF-60DFB9E39BDB} = {8FB71C19-F345-4A47-82A9-BF22197F9A1E}
		{079D0141-4A48-4708-8F71-5D7D6EBAFDB0} = {8FB71C19-F345-4A47-82A9-BF22197F9A1E}
		{4D3B82E9-C742-4411-A619-05D20D52D332} = {30ACE943-4538-447C-AFE0-449D440244A4}
		{9C636871-4D62-4FED-867F-E532C5923433} = {4D3B82E9-C742-4411-A619-05D20D52D332}
		{6849F1CA-5306-4657-9118-865CA755828B} = {4D3B82E9-C742-4411-A619-05D20D52D332}
		{C5D0CE09-062B-4B53-BC7F-3D887471675E} = {30ACE943-4538-447C-AFE0-449D440244A4}
		{5B033BEA-041B-4EFD-9AF4-E9D0E9604375} = {C5D0CE09-062B-4B53-BC7F-3D887471675E}
		{9D086135-82DC-454E-A626-2A3704755AB1} = {C5D0CE09-062B-4B53-BC7F-3D887471675E}
		{56FF3065-82F2-4227-934F-AE1948B04448} = {C5D0CE09-062B-4B53-BC7F-3D887471675E}
		{55AF0158-6E3B-4D2A-9929-7F039A70B14C} = {C5D0CE09-062B-4B53-BC7F-3D887471675E}
		{2FCCFF17-77F3-4EB9-A284-36DFA6C65E02} = {C5D0CE09-062B-4B53-BC7F-3D887471675E}
		{BA5D5A4D-1A0E-4344-B013-8FDCF3651FEB} = {30ACE943-4538-447C-AFE0-449D440244A4}
		{64687C18-780B-4737-8BB2-CD02A2F75FC1} = {BA5D5A4D-1A0E-4344-B013-8FDCF3651FEB}
		{1E16CF30-DEF8-48E2-8620-5DE91FB8E3DB} = {BA5D5A4D-1A0E-4344-B013-8FDCF3651FEB}
		{C58C1966-EEA0-4BC4-BC25-5DF4902020E5} = {30ACE943-4538-447C-AFE0-449D440244A4}
		{7B3B9D2A-110C-4383-B610-3D27BBD3F902} = {C58C1966-EEA0-4BC4-BC25-5DF4902020E5}
		{4428AE24-92F9-42AB-8BEB-845E021D7C19} = {C58C1966-EEA0-4BC4-BC25-5DF4902020E5}
		{A2A827A9-0609-4C1C-BA80-3004E39615F3} = {D8E922C4-B9CD-49C1-A26A-3DA705B9D0D8}
		{D8E922C4-B9CD-49C1-A26A-3DA705B9D0D8} = {30ACE943-4538-447C-AFE0-449D440244A4}
		{1A056B74-2FF8-4987-85F4-541B75D5185D} = {D8E922C4-B9CD-49C1-A26A-3DA705B9D0D8}
	EndGlobalSection
	GlobalSection(ExtensibilityGlobals) = postSolution
		SolutionGuid = {99486FBC-8825-4DFB-AC72-FE89AA9F14D7}
	EndGlobalSection
EndGlobal
