
Microsoft Visual Studio Solution File, Format Version 12.00
# Visual Studio 15
VisualStudioVersion = 15.0.28010.2003
MinimumVisualStudioVersion = 10.0.40219.1
Project("{FAE04EC0-301F-11D3-BF4B-00C04F79EFBC}") = "Ejercicio01", "Ejercicio01\Ejercicio01.csproj", "{5C643EB8-0724-4088-BDB5-918E41F032C2}"
EndProject
Project("{FAE04EC0-301F-11D3-BF4B-00C04F79EFBC}") = "Ejercicio02", "Ejercicio02\Ejercicio02.csproj", "{A358909D-1335-4B0E-A80D-65ECAF8DEEF4}"
EndProject
Project("{FAE04EC0-301F-11D3-BF4B-00C04F79EFBC}") = "Ejercicio03", "Ejercicio03\Ejercicio03.csproj", "{14ACCDB7-8CB9-4150-BF93-BDFFF934BFB6}"
EndProject
Project("{FAE04EC0-301F-11D3-BF4B-00C04F79EFBC}") = "Ejercicio04", "Ejercicio04\Ejercicio04.csproj", "{C46FEAF5-3D25-4158-BF26-D085AF97BF2F}"
EndProject
Project("{FAE04EC0-301F-11D3-BF4B-00C04F79EFBC}") = "Ejercicio05", "Ejercicio05\Ejercicio05.csproj", "{15AE2C4A-0F13-4371-8E67-D5236B24E392}"
EndProject
Global
	GlobalSection(SolutionConfigurationPlatforms) = preSolution
		Debug|Any CPU = Debug|Any CPU
		Release|Any CPU = Release|Any CPU
	EndGlobalSection
	GlobalSection(ProjectConfigurationPlatforms) = postSolution
		{5C643EB8-0724-4088-BDB5-918E41F032C2}.Debug|Any CPU.ActiveCfg = Debug|Any CPU
		{5C643EB8-0724-4088-BDB5-918E41F032C2}.Debug|Any CPU.Build.0 = Debug|Any CPU
		{5C643EB8-0724-4088-BDB5-918E41F032C2}.Release|Any CPU.ActiveCfg = Release|Any CPU
		{5C643EB8-0724-4088-BDB5-918E41F032C2}.Release|Any CPU.Build.0 = Release|Any CPU
		{A358909D-1335-4B0E-A80D-65ECAF8DEEF4}.Debug|Any CPU.ActiveCfg = Debug|Any CPU
		{A358909D-1335-4B0E-A80D-65ECAF8DEEF4}.Debug|Any CPU.Build.0 = Debug|Any CPU
		{A358909D-1335-4B0E-A80D-65ECAF8DEEF4}.Release|Any CPU.ActiveCfg = Release|Any CPU
		{A358909D-1335-4B0E-A80D-65ECAF8DEEF4}.Release|Any CPU.Build.0 = Release|Any CPU
		{14ACCDB7-8CB9-4150-BF93-BDFFF934BFB6}.Debug|Any CPU.ActiveCfg = Debug|Any CPU
		{14ACCDB7-8CB9-4150-BF93-BDFFF934BFB6}.Debug|Any CPU.Build.0 = Debug|Any CPU
		{14ACCDB7-8CB9-4150-BF93-BDFFF934BFB6}.Release|Any CPU.ActiveCfg = Release|Any CPU
		{14ACCDB7-8CB9-4150-BF93-BDFFF934BFB6}.Release|Any CPU.Build.0 = Release|Any CPU
		{C46FEAF5-3D25-4158-BF26-D085AF97BF2F}.Debug|Any CPU.ActiveCfg = Debug|Any CPU
		{C46FEAF5-3D25-4158-BF26-D085AF97BF2F}.Debug|Any CPU.Build.0 = Debug|Any CPU
		{C46FEAF5-3D25-4158-BF26-D085AF97BF2F}.Release|Any CPU.ActiveCfg = Release|Any CPU
		{C46FEAF5-3D25-4158-BF26-D085AF97BF2F}.Release|Any CPU.Build.0 = Release|Any CPU
		{15AE2C4A-0F13-4371-8E67-D5236B24E392}.Debug|Any CPU.ActiveCfg = Debug|Any CPU
		{15AE2C4A-0F13-4371-8E67-D5236B24E392}.Debug|Any CPU.Build.0 = Debug|Any CPU
		{15AE2C4A-0F13-4371-8E67-D5236B24E392}.Release|Any CPU.ActiveCfg = Release|Any CPU
		{15AE2C4A-0F13-4371-8E67-D5236B24E392}.Release|Any CPU.Build.0 = Release|Any CPU
	EndGlobalSection
	GlobalSection(SolutionProperties) = preSolution
		HideSolutionNode = FALSE
	EndGlobalSection
	GlobalSection(ExtensibilityGlobals) = postSolution
		SolutionGuid = {B63AE23B-0FAE-4D37-9579-EBD1CBA8EBD3}
	EndGlobalSection
EndGlobal
